
Microsoft Visual Studio Solution File, Format Version 12.00
# Visual Studio 15
VisualStudioVersion = 15.0.26124.0
MinimumVisualStudioVersion = 15.0.26124.0
Project("{FAE04EC0-301F-11D3-BF4B-00C04F79EFBC}") = "PrimeService", "PrimeService\PrimeService.csproj", "{8F88B0E4-BD40-4787-802F-A49B462ED63B}"
EndProject
Project("{FAE04EC0-301F-11D3-BF4B-00C04F79EFBC}") = "PrimeService.Tests", "PrimeService.Tests\PrimeService.Tests.csproj", "{D368BD10-6541-47AB-9903-3F3E730F25E0}"
EndProject
Global
	GlobalSection(SolutionConfigurationPlatforms) = preSolution
		Debug|Any CPU = Debug|Any CPU
		Debug|x64 = Debug|x64
		Debug|x86 = Debug|x86
		Release|Any CPU = Release|Any CPU
		Release|x64 = Release|x64
		Release|x86 = Release|x86
	EndGlobalSection
	GlobalSection(SolutionProperties) = preSolution
		HideSolutionNode = FALSE
	EndGlobalSection
	GlobalSection(ProjectConfigurationPlatforms) = postSolution
		{8F88B0E4-BD40-4787-802F-A49B462ED63B}.Debug|Any CPU.ActiveCfg = Debug|Any CPU
		{8F88B0E4-BD40-4787-802F-A49B462ED63B}.Debug|Any CPU.Build.0 = Debug|Any CPU
		{8F88B0E4-BD40-4787-802F-A49B462ED63B}.Debug|x64.ActiveCfg = Debug|Any CPU
		{8F88B0E4-BD40-4787-802F-A49B462ED63B}.Debug|x64.Build.0 = Debug|Any CPU
		{8F88B0E4-BD40-4787-802F-A49B462ED63B}.Debug|x86.ActiveCfg = Debug|Any CPU
		{8F88B0E4-BD40-4787-802F-A49B462ED63B}.Debug|x86.Build.0 = Debug|Any CPU
		{8F88B0E4-BD40-4787-802F-A49B462ED63B}.Release|Any CPU.ActiveCfg = Release|Any CPU
		{8F88B0E4-BD40-4787-802F-A49B462ED63B}.Release|Any CPU.Build.0 = Release|Any CPU
		{8F88B0E4-BD40-4787-802F-A49B462ED63B}.Release|x64.ActiveCfg = Release|Any CPU
		{8F88B0E4-BD40-4787-802F-A49B462ED63B}.Release|x64.Build.0 = Release|Any CPU
		{8F88B0E4-BD40-4787-802F-A49B462ED63B}.Release|x86.ActiveCfg = Release|Any CPU
		{8F88B0E4-BD40-4787-802F-A49B462ED63B}.Release|x86.Build.0 = Release|Any CPU
		{D368BD10-6541-47AB-9903-3F3E730F25E0}.Debug|Any CPU.ActiveCfg = Debug|Any CPU
		{D368BD10-6541-47AB-9903-3F3E730F25E0}.Debug|Any CPU.Build.0 = Debug|Any CPU
		{D368BD10-6541-47AB-9903-3F3E730F25E0}.Debug|x64.ActiveCfg = Debug|Any CPU
		{D368BD10-6541-47AB-9903-3F3E730F25E0}.Debug|x64.Build.0 = Debug|Any CPU
		{D368BD10-6541-47AB-9903-3F3E730F25E0}.Debug|x86.ActiveCfg = Debug|Any CPU
		{D368BD10-6541-47AB-9903-3F3E730F25E0}.Debug|x86.Build.0 = Debug|Any CPU
		{D368BD10-6541-47AB-9903-3F3E730F25E0}.Release|Any CPU.ActiveCfg = Release|Any CPU
		{D368BD10-6541-47AB-9903-3F3E730F25E0}.Release|Any CPU.Build.0 = Release|Any CPU
		{D368BD10-6541-47AB-9903-3F3E730F25E0}.Release|x64.ActiveCfg = Release|Any CPU
		{D368BD10-6541-47AB-9903-3F3E730F25E0}.Release|x64.Build.0 = Release|Any CPU
		{D368BD10-6541-47AB-9903-3F3E730F25E0}.Release|x86.ActiveCfg = Release|Any CPU
		{D368BD10-6541-47AB-9903-3F3E730F25E0}.Release|x86.Build.0 = Release|Any CPU
	EndGlobalSection
EndGlobal
